// !$*UTF8*$!
{
	archiveVersion = 1;
	classes = {
	};
	objectVersion = 46;
	objects = {

/* Begin PBXBuildFile section */
		CB2E26C51EF76EE900AA8E01 /* AppDelegate.swift in Sources */ = {isa = PBXBuildFile; fileRef = CB2E26C41EF76EE900AA8E01 /* AppDelegate.swift */; };
		CB2E26C71EF76EE900AA8E01 /* ViewController.swift in Sources */ = {isa = PBXBuildFile; fileRef = CB2E26C61EF76EE900AA8E01 /* ViewController.swift */; };
		CB2E26CA1EF76EE900AA8E01 /* Main.storyboard in Resources */ = {isa = PBXBuildFile; fileRef = CB2E26C81EF76EE900AA8E01 /* Main.storyboard */; };
		CB2E26CC1EF76EE900AA8E01 /* Assets.xcassets in Resources */ = {isa = PBXBuildFile; fileRef = CB2E26CB1EF76EE900AA8E01 /* Assets.xcassets */; };
		CB2E26CF1EF76EE900AA8E01 /* LaunchScreen.storyboard in Resources */ = {isa = PBXBuildFile; fileRef = CB2E26CD1EF76EE900AA8E01 /* LaunchScreen.storyboard */; };
		CB4FC8801EFACC63000EF3DC /* dam.mp3 in Resources */ = {isa = PBXBuildFile; fileRef = CB4FC87F1EFACC63000EF3DC /* dam.mp3 */; };
		CB4FC8821EFACC69000EF3DC /* ping.mp3 in Resources */ = {isa = PBXBuildFile; fileRef = CB4FC8811EFACC69000EF3DC /* ping.mp3 */; };
		CBD5F9F71EF7714A004A78A3 /* add.swift in Sources */ = {isa = PBXBuildFile; fileRef = CBD5F9F61EF7714A004A78A3 /* add.swift */; };
		CBD5F9F91EF77D2A004A78A3 /* ball.png in Resources */ = {isa = PBXBuildFile; fileRef = CBD5F9F81EF77D2A004A78A3 /* ball.png */; };
/* End PBXBuildFile section */

/* Begin PBXFileReference section */
		CB2E26C11EF76EE900AA8E01 /* GameBreakChuan.app */ = {isa = PBXFileReference; explicitFileType = wrapper.application; includeInIndex = 0; path = GameBreakChuan.app; sourceTree = BUILT_PRODUCTS_DIR; };
		CB2E26C41EF76EE900AA8E01 /* AppDelegate.swift */ = {isa = PBXFileReference; lastKnownFileType = sourcecode.swift; path = AppDelegate.swift; sourceTree = "<group>"; };
		CB2E26C61EF76EE900AA8E01 /* ViewController.swift */ = {isa = PBXFileReference; lastKnownFileType = sourcecode.swift; path = ViewController.swift; sourceTree = "<group>"; };
		CB2E26C91EF76EE900AA8E01 /* Base */ = {isa = PBXFileReference; lastKnownFileType = file.storyboard; name = Base; path = Base.lproj/Main.storyboard; sourceTree = "<group>"; };
		CB2E26CB1EF76EE900AA8E01 /* Assets.xcassets */ = {isa = PBXFileReference; lastKnownFileType = folder.assetcatalog; path = Assets.xcassets; sourceTree = "<group>"; };
		CB2E26CE1EF76EE900AA8E01 /* Base */ = {isa = PBXFileReference; lastKnownFileType = file.storyboard; name = Base; path = Base.lproj/LaunchScreen.storyboard; sourceTree = "<group>"; };
		CB2E26D01EF76EE900AA8E01 /* Info.plist */ = {isa = PBXFileReference; lastKnownFileType = text.plist.xml; path = Info.plist; sourceTree = "<group>"; };
		CB4FC87F1EFACC63000EF3DC /* dam.mp3 */ = {isa = PBXFileReference; lastKnownFileType = audio.mp3; path = dam.mp3; sourceTree = "<group>"; };
		CB4FC8811EFACC69000EF3DC /* ping.mp3 */ = {isa = PBXFileReference; lastKnownFileType = audio.mp3; path = ping.mp3; sourceTree = "<group>"; };
		CBD5F9F61EF7714A004A78A3 /* add.swift */ = {isa = PBXFileReference; fileEncoding = 4; lastKnownFileType = sourcecode.swift; path = add.swift; sourceTree = "<group>"; };
		CBD5F9F81EF77D2A004A78A3 /* ball.png */ = {isa = PBXFileReference; lastKnownFileType = image.png; path = ball.png; sourceTree = "<group>"; };
/* End PBXFileReference section */

/* Begin PBXFrameworksBuildPhase section */
		CB2E26BE1EF76EE900AA8E01 /* Frameworks */ = {
			isa = PBXFrameworksBuildPhase;
			buildActionMask = 2147483647;
			files = (
			);
			runOnlyForDeploymentPostprocessing = 0;
		};
/* End PBXFrameworksBuildPhase section */

/* Begin PBXGroup section */
		CB2E26B81EF76EE900AA8E01 = {
			isa = PBXGroup;
			children = (
				CB2E26C31EF76EE900AA8E01 /* GameBreakChuan */,
				CB2E26C21EF76EE900AA8E01 /* Products */,
			);
			sourceTree = "<group>";
		};
		CB2E26C21EF76EE900AA8E01 /* Products */ = {
			isa = PBXGroup;
			children = (
				CB2E26C11EF76EE900AA8E01 /* GameBreakChuan.app */,
			);
			name = Products;
			sourceTree = "<group>";
		};
		CB2E26C31EF76EE900AA8E01 /* GameBreakChuan */ = {
			isa = PBXGroup;
			children = (
				CB4FC8811EFACC69000EF3DC /* ping.mp3 */,
				CB4FC87F1EFACC63000EF3DC /* dam.mp3 */,
				CBD5F9F81EF77D2A004A78A3 /* ball.png */,
				CB2E26C41EF76EE900AA8E01 /* AppDelegate.swift */,
				CB2E26C61EF76EE900AA8E01 /* ViewController.swift */,
				CBD5F9F61EF7714A004A78A3 /* add.swift */,
				CB2E26C81EF76EE900AA8E01 /* Main.storyboard */,
				CB2E26CB1EF76EE900AA8E01 /* Assets.xcassets */,
				CB2E26CD1EF76EE900AA8E01 /* LaunchScreen.storyboard */,
				CB2E26D01EF76EE900AA8E01 /* Info.plist */,
			);
			path = GameBreakChuan;
			sourceTree = "<group>";
		};
/* End PBXGroup section */

/* Begin PBXNativeTarget section */
		CB2E26C01EF76EE900AA8E01 /* GameBreakChuan */ = {
			isa = PBXNativeTarget;
			buildConfigurationList = CB2E26D31EF76EE900AA8E01 /* Build configuration list for PBXNativeTarget "GameBreakChuan" */;
			buildPhases = (
				CB2E26BD1EF76EE900AA8E01 /* Sources */,
				CB2E26BE1EF76EE900AA8E01 /* Frameworks */,
				CB2E26BF1EF76EE900AA8E01 /* Resources */,
			);
			buildRules = (
			);
			dependencies = (
			);
			name = GameBreakChuan;
			productName = GameBreakChuan;
			productReference = CB2E26C11EF76EE900AA8E01 /* GameBreakChuan.app */;
			productType = "com.apple.product-type.application";
		};
/* End PBXNativeTarget section */

/* Begin PBXProject section */
		CB2E26B91EF76EE900AA8E01 /* Project object */ = {
			isa = PBXProject;
			attributes = {
				LastSwiftUpdateCheck = 0830;
				LastUpgradeCheck = 0830;
				ORGANIZATIONNAME = "Minh Tuan";
				TargetAttributes = {
					CB2E26C01EF76EE900AA8E01 = {
						CreatedOnToolsVersion = 8.3.2;
						DevelopmentTeam = L2B4445J52;
						ProvisioningStyle = Automatic;
					};
				};
			};
			buildConfigurationList = CB2E26BC1EF76EE900AA8E01 /* Build configuration list for PBXProject "GameBreakChuan" */;
			compatibilityVersion = "Xcode 3.2";
			developmentRegion = English;
			hasScannedForEncodings = 0;
			knownRegions = (
				en,
				Base,
			);
			mainGroup = CB2E26B81EF76EE900AA8E01;
			productRefGroup = CB2E26C21EF76EE900AA8E01 /* Products */;
			projectDirPath = "";
			projectRoot = "";
			targets = (
				CB2E26C01EF76EE900AA8E01 /* GameBreakChuan */,
			);
		};
/* End PBXProject section */

/* Begin PBXResourcesBuildPhase section */
		CB2E26BF1EF76EE900AA8E01 /* Resources */ = {
			isa = PBXResourcesBuildPhase;
			buildActionMask = 2147483647;
			files = (
				CB2E26CF1EF76EE900AA8E01 /* LaunchScreen.storyboard in Resources */,
				CB2E26CC1EF76EE900AA8E01 /* Assets.xcassets in Resources */,
				CB4FC8821EFACC69000EF3DC /* ping.mp3 in Resources */,
				CBD5F9F91EF77D2A004A78A3 /* ball.png in Resources */,
				CB4FC8801EFACC63000EF3DC /* dam.mp3 in Resources */,
				CB2E26CA1EF76EE900AA8E01 /* Main.storyboard in Resources */,
			);
			runOnlyForDeploymentPostprocessing = 0;
		};
/* End PBXResourcesBuildPhase section */

/* Begin PBXSourcesBuildPhase section */
		CB2E26BD1EF76EE900AA8E01 /* Sources */ = {
			isa = PBXSourcesBuildPhase;
			buildActionMask = 2147483647;
			files = (
				CB2E26C71EF76EE900AA8E01 /* ViewController.swift in Sources */,
				CB2E26C51EF76EE900AA8E01 /* AppDelegate.swift in Sources */,
				CBD5F9F71EF7714A004A78A3 /* add.swift in Sources */,
			);
			runOnlyForDeploymentPostprocessing = 0;
		};
/* End PBXSourcesBuildPhase section */

/* Begin PBXVariantGroup section */
		CB2E26C81EF76EE900AA8E01 /* Main.storyboard */ = {
			isa = PBXVariantGroup;
			children = (
				CB2E26C91EF76EE900AA8E01 /* Base */,
			);
			name = Main.storyboard;
			sourceTree = "<group>";
		};
		CB2E26CD1EF76EE900AA8E01 /* LaunchScreen.storyboard */ = {
			isa = PBXVariantGroup;
			children = (
				CB2E26CE1EF76EE900AA8E01 /* Base */,
			);
			name = LaunchScreen.storyboard;
			sourceTree = "<group>";
		};
/* End PBXVariantGroup section */

/* Begin XCBuildConfiguration section */
		CB2E26D11EF76EE900AA8E01 /* Debug */ = {
			isa = XCBuildConfiguration;
			buildSettings = {
				ALWAYS_SEARCH_USER_PATHS = NO;
				CLANG_ANALYZER_NONNULL = YES;
				CLANG_ANALYZER_NUMBER_OBJECT_CONVERSION = YES_AGGRESSIVE;
				CLANG_CXX_LANGUAGE_STANDARD = "gnu++0x";
				CLANG_CXX_LIBRARY = "libc++";
				CLANG_ENABLE_MODULES = YES;
				CLANG_ENABLE_OBJC_ARC = YES;
				CLANG_WARN_BOOL_CONVERSION = YES;
				CLANG_WARN_CONSTANT_CONVERSION = YES;
				CLANG_WARN_DIRECT_OBJC_ISA_USAGE = YES_ERROR;
				CLANG_WARN_DOCUMENTATION_COMMENTS = YES;
				CLANG_WARN_EMPTY_BODY = YES;
				CLANG_WARN_ENUM_CONVERSION = YES;
				CLANG_WARN_INFINITE_RECURSION = YES;
				CLANG_WARN_INT_CONVERSION = YES;
				CLANG_WARN_OBJC_ROOT_CLASS = YES_ERROR;
				CLANG_WARN_SUSPICIOUS_MOVE = YES;
				CLANG_WARN_UNREACHABLE_CODE = YES;
				CLANG_WARN__DUPLICATE_METHOD_MATCH = YES;
				"CODE_SIGN_IDENTITY[sdk=iphoneos*]" = "iPhone Developer";
				COPY_PHASE_STRIP = NO;
				DEBUG_INFORMATION_FORMAT = dwarf;
				ENABLE_STRICT_OBJC_MSGSEND = YES;
				ENABLE_TESTABILITY = YES;
				GCC_C_LANGUAGE_STANDARD = gnu99;
				GCC_DYNAMIC_NO_PIC = NO;
				GCC_NO_COMMON_BLOCKS = YES;
				GCC_OPTIMIZATION_LEVEL = 0;
				GCC_PREPROCESSOR_DEFINITIONS = (
					"DEBUG=1",
					"$(inherited)",
				);
				GCC_WARN_64_TO_32_BIT_CONVERSION = YES;
				GCC_WARN_ABOUT_RETURN_TYPE = YES_ERROR;
				GCC_WARN_UNDECLARED_SELECTOR = YES;
				GCC_WARN_UNINITIALIZED_AUTOS = YES_AGGRESSIVE;
				GCC_WARN_UNUSED_FUNCTION = YES;
				GCC_WARN_UNUSED_VARIABLE = YES;
				IPHONEOS_DEPLOYMENT_TARGET = 10.3;
				MTL_ENABLE_DEBUG_INFO = YES;
				ONLY_ACTIVE_ARCH = YES;
				SDKROOT = iphoneos;
				SWIFT_ACTIVE_COMPILATION_CONDITIONS = DEBUG;
				SWIFT_OPTIMIZATION_LEVEL = "-Onone";
				TARGETED_DEVICE_FAMILY = "1,2";
			};
			name = Debug;
		};
		CB2E26D21EF76EE900AA8E01 /* Release */ = {
			isa = XCBuildConfiguration;
			buildSettings = {
				ALWAYS_SEARCH_USER_PATHS = NO;
				CLANG_ANALYZER_NONNULL = YES;
				CLANG_ANALYZER_NUMBER_OBJECT_CONVERSION = YES_AGGRESSIVE;
				CLANG_CXX_LANGUAGE_STANDARD = "gnu++0x";
				CLANG_CXX_LIBRARY = "libc++";
				CLANG_ENABLE_MODULES = YES;
				CLANG_ENABLE_OBJC_ARC = YES;
				CLANG_WARN_BOOL_CONVERSION = YES;
				CLANG_WARN_CONSTANT_CONVERSION = YES;
				CLANG_WARN_DIRECT_OBJC_ISA_USAGE = YES_ERROR;
				CLANG_WARN_DOCUMENTATION_COMMENTS = YES;
				CLANG_WARN_EMPTY_BODY = YES;
				CLANG_WARN_ENUM_CONVERSION = YES;
				CLANG_WARN_INFINITE_RECURSION = YES;
				CLANG_WARN_INT_CONVERSION = YES;
				CLANG_WARN_OBJC_ROOT_CLASS = YES_ERROR;
				CLANG_WARN_SUSPICIOUS_MOVE = YES;
				CLANG_WARN_UNREACHABLE_CODE = YES;
				CLANG_WARN__DUPLICATE_METHOD_MATCH = YES;
				"CODE_SIGN_IDENTITY[sdk=iphoneos*]" = "iPhone Developer";
				COPY_PHASE_STRIP = NO;
				DEBUG_INFORMATION_FORMAT = "dwarf-with-dsym";
				ENABLE_NS_ASSERTIONS = NO;
				ENABLE_STRICT_OBJC_MSGSEND = YES;
				GCC_C_LANGUAGE_STANDARD = gnu99;
				GCC_NO_COMMON_BLOCKS = YES;
				GCC_WARN_64_TO_32_BIT_CONVERSION = YES;
				GCC_WARN_ABOUT_RETURN_TYPE = YES_ERROR;
				GCC_WARN_UNDECLARED_SELECTOR = YES;
				GCC_WARN_UNINITIALIZED_AUTOS = YES_AGGRESSIVE;
				GCC_WARN_UNUSED_FUNCTION = YES;
				GCC_WARN_UNUSED_VARIABLE = YES;
				IPHONEOS_DEPLOYMENT_TARGET = 10.3;
				MTL_ENABLE_DEBUG_INFO = NO;
				SDKROOT = iphoneos;
				SWIFT_OPTIMIZATION_LEVEL = "-Owholemodule";
				TARGETED_DEVICE_FAMILY = "1,2";
				VALIDATE_PRODUCT = YES;
			};
			name = Release;
		};
		CB2E26D41EF76EE900AA8E01 /* Debug */ = {
			isa = XCBuildConfiguration;
			buildSettings = {
				ASSETCATALOG_COMPILER_APPICON_NAME = AppIcon;
				DEVELOPMENT_TEAM = L2B4445J52;
				INFOPLIST_FILE = GameBreakChuan/Info.plist;
				LD_RUNPATH_SEARCH_PATHS = "$(inherited) @executable_path/Frameworks";
				PRODUCT_BUNDLE_IDENTIFIER = com.GameBreakChuan;
				PRODUCT_NAME = "$(TARGET_NAME)";
				SWIFT_VERSION = 3.0;
			};
			name = Debug;
		};
		CB2E26D51EF76EE900AA8E01 /* Release */ = {
			isa = XCBuildConfiguration;
			buildSettings = {
				ASSETCATALOG_COMPILER_APPICON_NAME = AppIcon;
				DEVELOPMENT_TEAM = L2B4445J52;
				INFOPLIST_FILE = GameBreakChuan/Info.plist;
				LD_RUNPATH_SEARCH_PATHS = "$(inherited) @executable_path/Frameworks";
				PRODUCT_BUNDLE_IDENTIFIER = com.GameBreakChuan;
				PRODUCT_NAME = "$(TARGET_NAME)";
				SWIFT_VERSION = 3.0;
			};
			name = Release;
		};
/* End XCBuildConfiguration section */

/* Begin XCConfigurationList section */
		CB2E26BC1EF76EE900AA8E01 /* Build configuration list for PBXProject "GameBreakChuan" */ = {
			isa = XCConfigurationList;
			buildConfigurations = (
				CB2E26D11EF76EE900AA8E01 /* Debug */,
				CB2E26D21EF76EE900AA8E01 /* Release */,
			);
			defaultConfigurationIsVisible = 0;
			defaultConfigurationName = Release;
		};
		CB2E26D31EF76EE900AA8E01 /* Build configuration list for PBXNativeTarget "GameBreakChuan" */ = {
			isa = XCConfigurationList;
			buildConfigurations = (
				CB2E26D41EF76EE900AA8E01 /* Debug */,
				CB2E26D51EF76EE900AA8E01 /* Release */,
			);
			defaultConfigurationIsVisible = 0;
			defaultConfigurationName = Release;
		};
/* End XCConfigurationList section */
	};
	rootObject = CB2E26B91EF76EE900AA8E01 /* Project object */;
}
